
Microsoft Visual Studio Solution File, Format Version 12.00
# Visual Studio Version 17
VisualStudioVersion = 17.7.34031.279
MinimumVisualStudioVersion = 10.0.40219.1
Project("{FAE04EC0-301F-11D3-BF4B-00C04F79EFBC}") = "Ejercicio2NumernoElevado", "Ejercicio2NumernoElevado.csproj", "{3F63934A-D37F-4E0D-A5FC-6F4A6956CF02}"
EndProject
Global
	GlobalSection(SolutionConfigurationPlatforms) = preSolution
		Debug|Any CPU = Debug|Any CPU
		Release|Any CPU = Release|Any CPU
	EndGlobalSection
	GlobalSection(ProjectConfigurationPlatforms) = postSolution
		{3F63934A-D37F-4E0D-A5FC-6F4A6956CF02}.Debug|Any CPU.ActiveCfg = Debug|Any CPU
		{3F63934A-D37F-4E0D-A5FC-6F4A6956CF02}.Debug|Any CPU.Build.0 = Debug|Any CPU
		{3F63934A-D37F-4E0D-A5FC-6F4A6956CF02}.Release|Any CPU.ActiveCfg = Release|Any CPU
		{3F63934A-D37F-4E0D-A5FC-6F4A6956CF02}.Release|Any CPU.Build.0 = Release|Any CPU
	EndGlobalSection
	GlobalSection(SolutionProperties) = preSolution
		HideSolutionNode = FALSE
	EndGlobalSection
	GlobalSection(ExtensibilityGlobals) = postSolution
		SolutionGuid = {EA9FD1D0-27F1-4815-88F1-E344347944EA}
	EndGlobalSection
EndGlobal
